{
  "nodes": {
    "blog-rymcg-tech": {
      "flake": false,
      "locked": {
        "lastModified": 1778881583,
        "narHash": "sha256-BHdiMujZQybX76xnjLnQidiEQQw9vNnxrYK7bg/1VPA=",
        "owner": "EnigmaCurry",
        "repo": "blog.rymcg.tech",
        "rev": "a11680800ec1f49bdac27e24e51ab6fe15873dcd",
        "type": "github"
      },
      "original": {
        "owner": "EnigmaCurry",
        "repo": "blog.rymcg.tech",
        "type": "github"
      }
    },
    "emacs_enigmacurry": {
      "flake": false,
      "locked": {
        "lastModified": 1779988581,
        "narHash": "sha256-EsxtsJ1pRJyUMTh5cWKLRO3uwgMv47yKKpVFZMnogPg=",
        "owner": "EnigmaCurry",
        "repo": "emacs",
        "rev": "44926df0f657e195facac858c9bb61ab81b49717",
        "type": "github"
      },
      "original": {
        "owner": "EnigmaCurry",
        "repo": "emacs",
        "type": "github"
      }
    },
    "firefox-addons": {
      "inputs": {
        "nixpkgs": [
          "nixpkgs"
        ]
      },
      "locked": {
        "dir": "pkgs/firefox-addons",
        "lastModified": 1780286561,
        "narHash": "sha256-73UvAlulbn6cSaoq+Wllj7WxKrhti8wkT+zYKvFD9d0=",
        "owner": "rycee",
        "repo": "nur-expressions",
        "rev": "2838055f920c314b0731f71a53a6b878de0309cc",
        "type": "gitlab"
      },
      "original": {
        "dir": "pkgs/firefox-addons",
        "owner": "rycee",
        "repo": "nur-expressions",
        "type": "gitlab"
      }
    },
    "flake-utils": {
      "inputs": {
        "systems": "systems"
      },
      "locked": {
        "lastModified": 1731533236,
        "narHash": "sha256-l0KFg5HjrsfsO/JpG+r7fRrqm12kzFHyUHqHCVpMMbI=",
        "owner": "numtide",
        "repo": "flake-utils",
        "rev": "11707dc2f618dd54ca8739b309ec4fc024de578b",
        "type": "github"
      },
      "original": {
        "owner": "numtide",
        "repo": "flake-utils",
        "type": "github"
      }
    },
    "git-prompt": {
      "flake": false,
      "locked": {
        "narHash": "sha256-kV63N7WFRfPMN1VbBqzEdaskUfkCDb+ZpvggScfuJ3c=",
        "type": "file",
        "url": "https://raw.githubusercontent.com/git/git/master/contrib/completion/git-prompt.sh"
      },
      "original": {
        "type": "file",
        "url": "https://raw.githubusercontent.com/git/git/master/contrib/completion/git-prompt.sh"
      }
    },
    "home-manager": {
      "inputs": {
        "nixpkgs": [
          "nixpkgs"
        ]
      },
      "locked": {
        "lastModified": 1779506708,
        "narHash": "sha256-QOD/CNm196nCJRheux/URi4/HE66fthdOMqCJoPP1Y0=",
        "owner": "nix-community",
        "repo": "home-manager",
        "rev": "3ee51fbdac8c8bdfe1e7e1fcaba6520a563f394f",
        "type": "github"
      },
      "original": {
        "owner": "nix-community",
        "ref": "release-25.11",
        "repo": "home-manager",
        "type": "github"
      }
    },
    "nix-flatpak": {
      "locked": {
        "lastModified": 1779998907,
        "narHash": "sha256-8CSkdFNkAF49pmhFneEFNAO4UX9/0FnoMwXMY3yyvi0=",
        "owner": "gmodena",
        "repo": "nix-flatpak",
        "rev": "744221c2aef17f1f2a13278abfeabd9bd5e40180",
        "type": "github"
      },
      "original": {
        "owner": "gmodena",
        "repo": "nix-flatpak",
        "type": "github"
      }
    },
    "nixos-vm-template": {
      "flake": false,
      "locked": {
        "lastModified": 1779981056,
        "narHash": "sha256-Uu7EPs9XseiyXyuwEoiF/j4wYlLvBSeofx8z9a4d+LE=",
        "owner": "EnigmaCurry",
        "repo": "nixos-vm-template",
        "rev": "5634856215e4bbaed2fbfca3f57d3f6353a39e44",
        "type": "github"
      },
      "original": {
        "owner": "EnigmaCurry",
        "repo": "nixos-vm-template",
        "type": "github"
      }
    },
    "nixpkgs": {
      "locked": {
        "lastModified": 1779796641,
        "narHash": "sha256-ZsIrKmhp4vbBXoXXmR/tBXA/UCsAQiJL9vsgZEduhVY=",
        "owner": "NixOS",
        "repo": "nixpkgs",
        "rev": "25f538306313eae3927264466c70d7001dcea1df",
        "type": "github"
      },
      "original": {
        "owner": "NixOS",
        "ref": "nixos-25.11",
        "repo": "nixpkgs",
        "type": "github"
      }
    },
    "nixpkgs_2": {
      "locked": {
        "lastModified": 1779560665,
        "narHash": "sha256-tpyBcxPpcQb8ukyNF7DoCwfSY3VPsxHoYwj00Cayv5o=",
        "owner": "NixOS",
        "repo": "nixpkgs",
        "rev": "64c08a7ca051951c8eae34e3e3cb1e202fe36786",
        "type": "github"
      },
      "original": {
        "owner": "NixOS",
        "ref": "nixos-unstable",
        "repo": "nixpkgs",
        "type": "github"
      }
    },
    "nixpkgs_unstable": {
      "locked": {
        "lastModified": 1780243769,
        "narHash": "sha256-x5UQuRsH3MqI0U9afaXSNqzTPSeZlRLvFAav2Ux1pNw=",
        "owner": "NixOS",
        "repo": "nixpkgs",
        "rev": "331800de5053fcebacf6813adb5db9c9dca22a0c",
        "type": "github"
      },
      "original": {
        "owner": "NixOS",
        "ref": "nixos-unstable",
        "repo": "nixpkgs",
        "type": "github"
      }
    },
    "root": {
      "inputs": {
        "blog-rymcg-tech": "blog-rymcg-tech",
        "emacs_enigmacurry": "emacs_enigmacurry",
        "firefox-addons": "firefox-addons",
        "git-prompt": "git-prompt",
        "home-manager": "home-manager",
        "nix-flatpak": "nix-flatpak",
        "nixos-vm-template": "nixos-vm-template",
        "nixpkgs": "nixpkgs",
        "nixpkgs_unstable": "nixpkgs_unstable",
        "script-wizard": "script-wizard",
        "sway-home": "sway-home"
      }
    },
    "script-wizard": {
      "inputs": {
        "flake-utils": "flake-utils",
        "nixpkgs": "nixpkgs_2"
      },
      "locked": {
        "lastModified": 1779749244,
        "narHash": "sha256-aS7YdFQpAjVNb/6jMVLEbG273iUzudCb934wwmqBThI=",
        "owner": "EnigmaCurry",
        "repo": "script-wizard",
        "rev": "4305b0eba8d825accb83c5742519085361b9e208",
        "type": "github"
      },
      "original": {
        "owner": "EnigmaCurry",
        "repo": "script-wizard",
        "type": "github"
      }
    },
    "sway-home": {
      "flake": false,
      "locked": {
        "path": "..",
        "type": "path"
      },
      "original": {
        "path": "..",
        "type": "path"
      },
      "parent": []
    },
    "systems": {
      "locked": {
        "lastModified": 1681028828,
        "narHash": "sha256-Vy1rq5AaRuLzOxct8nz4T6wlgyUR7zLU309k9mBC768=",
        "owner": "nix-systems",
        "repo": "default",
        "rev": "da67096a3b9bf56a91d16901293e51ba5b49a27e",
        "type": "github"
      },
      "original": {
        "owner": "nix-systems",
        "repo": "default",
        "type": "github"
      }
    }
  },
  "root": "root",
  "version": 7
}
